
Microsoft Visual Studio Solution File, Format Version 12.00
# Visual Studio 15
VisualStudioVersion = 15.0.27428.2015
MinimumVisualStudioVersion = 10.0.40219.1
Project("{FAE04EC0-301F-11D3-BF4B-00C04F79EFBC}") = "Mzl.Mojory.WebApi", "Mzl.Mojory.WebApi\Mzl.Mojory.WebApi.csproj", "{34F84D18-4144-4557-BCBE-2B13E8A162F4}"
EndProject
Project("{FAE04EC0-301F-11D3-BF4B-00C04F79EFBC}") = "Mzl.Mojory.WebApi.Tests", "Mzl.Mojory.WebApi.Tests\Mzl.Mojory.WebApi.Tests.csproj", "{FE58A92B-0E89-4F66-B6CC-7FA5E3F316AB}"
EndProject
Project("{2150E333-8FDC-42A3-9474-1A3956D46DE8}") = "0.Core", "0.Core", "{31B8D7CE-1788-4FA6-828D-4E6D190D660F}"
EndProject
Project("{2150E333-8FDC-42A3-9474-1A3956D46DE8}") = "2.DataBase", "2.DataBase", "{1DD0B462-27EC-4887-9A49-699359A3393A}"
EndProject
Project("{2150E333-8FDC-42A3-9474-1A3956D46DE8}") = "3.Biz", "3.Biz", "{AFC215CF-F97D-4A71-8447-8EDE78914E83}"
EndProject
Project("{2150E333-8FDC-42A3-9474-1A3956D46DE8}") = "4.Application", "4.Application", "{E7FD45AE-3D63-4C8A-8385-14245D0EE620}"
EndProject
Project("{2150E333-8FDC-42A3-9474-1A3956D46DE8}") = "5.UI", "5.UI", "{1BCBF3FC-8B8A-4247-ADE2-D03C01C1A32C}"
EndProject
Project("{2150E333-8FDC-42A3-9474-1A3956D46DE8}") = "1.Model", "1.Model", "{B8A28417-FF91-4D76-AF30-62A62095BBA5}"
EndProject
Project("{2150E333-8FDC-42A3-9474-1A3956D46DE8}") = "7.Test", "7.Test", "{0CEDCEC6-2EF2-4675-A99B-407BC66E25EF}"
EndProject
Project("{FAE04EC0-301F-11D3-BF4B-00C04F79EFBC}") = "Mzl.Common", "Mzl.Common\Mzl.Common.csproj", "{11A12F6E-033F-4A70-A053-193FCED4403E}"
EndProject
Project("{FAE04EC0-301F-11D3-BF4B-00C04F79EFBC}") = "Mzl.EntityModel", "Mzl.Model\Mzl.EntityModel.csproj", "{598A15A2-C70E-4C3A-9303-F9324C7A5C0F}"
EndProject
Project("{FAE04EC0-301F-11D3-BF4B-00C04F79EFBC}") = "Mzl.Application", "Mzl.Application\Mzl.Application.csproj", "{FF93B392-9C9A-4D81-AA67-388AED097E1A}"
EndProject
Project("{FAE04EC0-301F-11D3-BF4B-00C04F79EFBC}") = "Mzl.IApplication", "Mzl.IApplication\Mzl.IApplication.csproj", "{971A1185-9788-4F7D-9E50-15264D955D5C}"
EndProject
Project("{FAE04EC0-301F-11D3-BF4B-00C04F79EFBC}") = "Mzl.UIModel", "Mzl.UIModel\Mzl.UIModel.csproj", "{ECFDE3DA-694F-4333-8E1A-BE2477746BDE}"
EndProject
Project("{FAE04EC0-301F-11D3-BF4B-00C04F79EFBC}") = "Mzl.IBLL.Train", "Mzl.IBLL.Train\Mzl.IBLL.Train.csproj", "{324E5106-8DD1-4E70-ABCA-01020B24A73B}"
EndProject
Project("{FAE04EC0-301F-11D3-BF4B-00C04F79EFBC}") = "Mzl.BLL.Train", "Mzl.BLL.Train\Mzl.BLL.Train.csproj", "{B2E25487-F9C9-4A98-8842-D70DBEA1CB2A}"
EndProject
Project("{FAE04EC0-301F-11D3-BF4B-00C04F79EFBC}") = "Mzl.IDAL.Train", "Mzl.IDAL.Train\Mzl.IDAL.Train.csproj", "{F49A5088-D2FD-43E8-A21C-B3D8191B832F}"
EndProject
Project("{FAE04EC0-301F-11D3-BF4B-00C04F79EFBC}") = "Mzl.DAL.Train", "Mzl.DAL.Train\Mzl.DAL.Train.csproj", "{65D85042-CFBE-42D2-BF8B-CE326F3EEBF0}"
EndProject
Project("{FAE04EC0-301F-11D3-BF4B-00C04F79EFBC}") = "Mzl.DomainModel", "Mzl.DomainModel\Mzl.DomainModel.csproj", "{B49C4DBC-6BCD-4697-9A1D-490099B0E376}"
EndProject
Project("{FAE04EC0-301F-11D3-BF4B-00C04F79EFBC}") = "Mzl.Proxy", "Mzl.Proxy\Mzl.Proxy.csproj", "{01A0068E-262D-4003-9078-7F66CF8E9BC7}"
EndProject
Project("{FAE04EC0-301F-11D3-BF4B-00C04F79EFBC}") = "Mzl.IBLL.Token", "Mzl.IBLL.Token\Mzl.IBLL.Token.csproj", "{AF5C56CA-5FD9-46CD-B6C7-898BDC65E16D}"
EndProject
Project("{FAE04EC0-301F-11D3-BF4B-00C04F79EFBC}") = "Mzl.BLL.Token", "Mzl.BLL.Token\Mzl.BLL.Token.csproj", "{D4199D03-6988-401C-A851-95E60DE879DE}"
EndProject
Project("{FAE04EC0-301F-11D3-BF4B-00C04F79EFBC}") = "Mzl.Library", "Mzl.Library\Mzl.Library.csproj", "{E1D1A319-4A0E-42FC-9BC9-2393477A1B55}"
EndProject
Project("{FAE04EC0-301F-11D3-BF4B-00C04F79EFBC}") = "Mzl.Redis", "Mzl.Redis\Mzl.Redis.csproj", "{C12368A3-9412-447D-829F-121FC36E2C69}"
EndProject
Project("{FAE04EC0-301F-11D3-BF4B-00C04F79EFBC}") = "Mzl.IBLL.Customer", "Mzl.IBLL.Customer\Mzl.IBLL.Customer.csproj", "{BD3C0BED-C810-459B-82FA-C440F8E1C55D}"
EndProject
Project("{FAE04EC0-301F-11D3-BF4B-00C04F79EFBC}") = "Mzl.BLL.Customer", "Mzl.BLL.Customer\Mzl.BLL.Customer.csproj", "{A91DF0D7-0729-4EA9-8564-84BFDEE7F32A}"
EndProject
Project("{2150E333-8FDC-42A3-9474-1A3956D46DE8}") = "Customer", "Customer", "{946E6F6A-1FB7-4DD0-A3C6-F015B33E6D34}"
EndProject
Project("{2150E333-8FDC-42A3-9474-1A3956D46DE8}") = "Train", "Train", "{09E6796C-BD81-41DE-B7C3-76101E19C504}"
EndProject
Project("{2150E333-8FDC-42A3-9474-1A3956D46DE8}") = "Token", "Token", "{AD36E9E6-DD19-4C4F-BC4C-FE134EF9E46F}"
EndProject
Project("{2150E333-8FDC-42A3-9474-1A3956D46DE8}") = "Customer", "Customer", "{62D15A90-F2F3-4306-A7E4-F9B9B22E42F3}"
EndProject
Project("{2150E333-8FDC-42A3-9474-1A3956D46DE8}") = "Train", "Train", "{77A5D169-7FE9-49C3-931B-5FB723EB41D1}"
EndProject
Project("{2150E333-8FDC-42A3-9474-1A3956D46DE8}") = "Redis", "Redis", "{BDEDCB91-1F5B-4176-87F1-49B9B9ADD57F}"
EndProject
Project("{2150E333-8FDC-42A3-9474-1A3956D46DE8}") = "2.Proxy", "2.Proxy", "{A18CBFF4-B5F5-40FE-808E-5E9A48F87E3E}"
EndProject
Project("{FAE04EC0-301F-11D3-BF4B-00C04F79EFBC}") = "Mzl.IDAL.Customer", "Mzl.IDAL.Customer\Mzl.IDAL.Customer.csproj", "{7403FE14-747B-4572-93C7-D67FA7BE000C}"
EndProject
Project("{FAE04EC0-301F-11D3-BF4B-00C04F79EFBC}") = "Mzl.DAL.Customer", "Mzl.DAL.Customer\Mzl.DAL.Customer.csproj", "{06C69BAC-E000-45B8-B632-8EE5C7C6A666}"
EndProject
Project("{2150E333-8FDC-42A3-9474-1A3956D46DE8}") = "6.Job", "6.Job", "{56A3863B-384D-4F26-8FA6-B279A07CB13F}"
EndProject
Project("{FAE04EC0-301F-11D3-BF4B-00C04F79EFBC}") = "Mzl.Mojory.Job.Train", "Mzl.Mojory.Job.Train\Mzl.Mojory.Job.Train.csproj", "{CA9F683E-C900-4579-AB9A-476E72A7BCAE}"
EndProject
Project("{2150E333-8FDC-42A3-9474-1A3956D46DE8}") = "Common", "Common", "{083EDD6C-C53C-462D-BAE2-6C501EE85030}"
EndProject
Project("{FAE04EC0-301F-11D3-BF4B-00C04F79EFBC}") = "Mzl.DAL.Common", "Mzl.DAL.Common\Mzl.DAL.Common.csproj", "{90828958-D81E-4F19-A12B-6A16C904BEB5}"
EndProject
Project("{FAE04EC0-301F-11D3-BF4B-00C04F79EFBC}") = "Mzl.IDAL.Common", "Mzl.IDAL.Common\Mzl.IDAL.Common.csproj", "{E3DF871B-CE00-46FF-AF81-F57DD0570E02}"
EndProject
Project("{2150E333-8FDC-42A3-9474-1A3956D46DE8}") = "Common", "Common", "{A10A256D-DA79-4A24-A0A5-04CF5F332C15}"
EndProject
Project("{FAE04EC0-301F-11D3-BF4B-00C04F79EFBC}") = "Mzl.BLL.Common", "Mzl.BLL.Common\Mzl.BLL.Common.csproj", "{4EC7524E-EFC2-4DC5-B966-9F52F08778FE}"
EndProject
Project("{FAE04EC0-301F-11D3-BF4B-00C04F79EFBC}") = "Mzl.IBLL.Common", "Mzl.IBLL.Common\Mzl.IBLL.Common.csproj", "{D75FA6BC-F280-43DB-913A-7D3AFD0DDEA5}"
EndProject
Project("{FAE04EC0-301F-11D3-BF4B-00C04F79EFBC}") = "Mzl.Mojory.WinService", "Mzl.Mojory.WinService\Mzl.Mojory.WinService.csproj", "{56496D86-A5D2-4593-9EE8-6D6EE96E302E}"
EndProject
Project("{FAE04EC0-301F-11D3-BF4B-00C04F79EFBC}") = "Mzl.Framework", "Mzl.Framework\Mzl.Framework.csproj", "{6A2875C0-EBBD-4ADC-AA08-B796F986F996}"
EndProject
Project("{2150E333-8FDC-42A3-9474-1A3956D46DE8}") = "Flight", "Flight", "{127E3CD1-A685-40F1-81A6-B7735EAA95A9}"
EndProject
Project("{FAE04EC0-301F-11D3-BF4B-00C04F79EFBC}") = "Mzl.BLL.Flight", "Mzl.BLL.Flight\Mzl.BLL.Flight.csproj", "{EFBA9F50-A0CD-451A-85D6-AEC58CDB2A2F}"
EndProject
Project("{FAE04EC0-301F-11D3-BF4B-00C04F79EFBC}") = "Mzl.IBLL.Flight", "Mzl.IBLL.Flight\Mzl.IBLL.Flight.csproj", "{52D6F2A5-67A2-4F2C-9FEB-B511BD08F883}"
EndProject
Project("{2150E333-8FDC-42A3-9474-1A3956D46DE8}") = "Flight", "Flight", "{822F34EA-6A8B-4E28-9A25-95DC125A809D}"
EndProject
Project("{FAE04EC0-301F-11D3-BF4B-00C04F79EFBC}") = "Mzl.DAL.Flight", "Mzl.DAL.Flight\Mzl.DAL.Flight.csproj", "{626E5FD2-FD86-442B-96A8-67F5C93369B9}"
EndProject
Project("{FAE04EC0-301F-11D3-BF4B-00C04F79EFBC}") = "Mzl.IDAL.Flight", "Mzl.IDAL.Flight\Mzl.IDAL.Flight.csproj", "{936EE246-AAF3-4ACC-99BB-9EB0DED687F0}"
EndProject
Project("{2150E333-8FDC-42A3-9474-1A3956D46DE8}") = "8.Tool", "8.Tool", "{44D4DCB7-CE98-4B81-B325-5455BA6903B5}"
EndProject
Project("{FAE04EC0-301F-11D3-BF4B-00C04F79EFBC}") = "Mzl.Tool.WinService", "Mzl.Tool.WinService\Mzl.Tool.WinService.csproj", "{39112EC5-E1EA-4996-818C-E6EE34FF9321}"
EndProject
Project("{FAE04EC0-301F-11D3-BF4B-00C04F79EFBC}") = "Mzl.Tool.Web", "Mzl.Tool.Web\Mzl.Tool.Web.csproj", "{758A3EC1-4242-43BE-BEBD-170A6CE4B363}"
EndProject
Project("{2150E333-8FDC-42A3-9474-1A3956D46DE8}") = "XingA", "XingA", "{B3775D04-607F-4B96-B448-2DF3785F658A}"
EndProject
Project("{FAE04EC0-301F-11D3-BF4B-00C04F79EFBC}") = "Mzl.DAL.XingA", "Mzl.DAL.XingA\Mzl.DAL.XingA.csproj", "{14B4B283-A089-407A-B904-2274C0CFFCBC}"
EndProject
Project("{2150E333-8FDC-42A3-9474-1A3956D46DE8}") = "XingA", "XingA", "{1CFDDB4F-9B50-4E68-86A0-C9A6D7CB3035}"
EndProject
Project("{FAE04EC0-301F-11D3-BF4B-00C04F79EFBC}") = "Mzl.IBLL.XingA", "Mzl.IBLL.XingA\Mzl.IBLL.XingA.csproj", "{FC631A12-6B96-4F05-A830-079405197192}"
EndProject
Project("{FAE04EC0-301F-11D3-BF4B-00C04F79EFBC}") = "Mzl.BLL.XingA", "Mzl.BLL.XingA\Mzl.BLL.XingA.csproj", "{F732AD4D-E27C-4983-B631-C3657797E761}"
EndProject
Project("{FAE04EC0-301F-11D3-BF4B-00C04F79EFBC}") = "Mzl.IDAL.XingA", "Mzl.IDAL.IXingA\Mzl.IDAL.XingA.csproj", "{EF5DF632-6045-4CEF-9822-6CD97CBA4969}"
EndProject
Project("{2150E333-8FDC-42A3-9474-1A3956D46DE8}") = "Tool", "Tool", "{175F196A-2503-486F-A0D1-97845DEEF7A1}"
EndProject
Project("{FAE04EC0-301F-11D3-BF4B-00C04F79EFBC}") = "Mzl.IBLL.Tool", "Mzl.IBLL.Tool\Mzl.IBLL.Tool.csproj", "{1C4623E1-EE60-4C64-98F5-4BE4E2E75E07}"
EndProject
Project("{FAE04EC0-301F-11D3-BF4B-00C04F79EFBC}") = "Mzl.BLL.Tool", "Mzl.BLL.Tool\Mzl.BLL.Tool.csproj", "{9141F96C-D995-4654-93D2-22A5BB677439}"
EndProject
Project("{FAE04EC0-301F-11D3-BF4B-00C04F79EFBC}") = "Mzl.Proxy.Hotel.Elong", "Mzl.Proxy.Hotel.Elong\Mzl.Proxy.Hotel.Elong.csproj", "{8BD0112C-F2AA-4658-9E38-C7475591E694}"
EndProject
Project("{2150E333-8FDC-42A3-9474-1A3956D46DE8}") = "Register", "Register", "{521FB29B-1FB6-44F9-A5D0-F2BB74D1BA04}"
EndProject
Project("{FAE04EC0-301F-11D3-BF4B-00C04F79EFBC}") = "Mzl.BLL.Register", "Mzl.BLL.Register\Mzl.BLL.Register.csproj", "{25CC7468-45D7-4CD4-9291-78CF00A5087D}"
EndProject
Project("{FAE04EC0-301F-11D3-BF4B-00C04F79EFBC}") = "Mzl.IBLL.Register", "Mzl.IBLL.Register\Mzl.IBLL.Register.csproj", "{8E0D76D6-9516-4096-9D1E-2A74533EE46D}"
EndProject
Project("{2150E333-8FDC-42A3-9474-1A3956D46DE8}") = "Register", "Register", "{95ABDD65-CDFE-42FD-9EC0-1E558196E5CF}"
EndProject
Project("{FAE04EC0-301F-11D3-BF4B-00C04F79EFBC}") = "Mzl.DAL.Register", "Mzl.DAL.Register\Mzl.DAL.Register.csproj", "{DF198220-2C39-4102-BA85-5C406C5950D9}"
EndProject
Project("{FAE04EC0-301F-11D3-BF4B-00C04F79EFBC}") = "Mzl.IDAL.Register", "Mzl.IDAL.Register\Mzl.IDAL.Register.csproj", "{7989E48E-80B0-447F-B070-0E6EDD749E5F}"
EndProject
Project("{2150E333-8FDC-42A3-9474-1A3956D46DE8}") = "Hotel", "Hotel", "{416BD26C-FFDD-49C3-BFC8-F9EA50A97208}"
EndProject
Project("{FAE04EC0-301F-11D3-BF4B-00C04F79EFBC}") = "Mzl.Bll.Hotel", "Mzl.Bll.Hotel\Mzl.Bll.Hotel.csproj", "{74D5A18D-1BBF-41D3-8702-B799F924297B}"
EndProject
Project("{FAE04EC0-301F-11D3-BF4B-00C04F79EFBC}") = "Mzl.IBll.Hotel", "Mzl.IBll.Hotel\Mzl.IBll.Hotel.csproj", "{F94CD323-8BDF-4BD0-8781-7AE982E3BE7F}"
EndProject
Project("{FAE04EC0-301F-11D3-BF4B-00C04F79EFBC}") = "Mzl.Test.Console", "Mzl.Test.Console\Mzl.Test.Console.csproj", "{8C7066BF-6523-4FAB-A889-B1E5702E54E3}"
EndProject
Project("{2150E333-8FDC-42A3-9474-1A3956D46DE8}") = "Hotel", "Hotel", "{862B55D7-859C-48AB-ACBA-347EFE40B614}"
EndProject
Project("{FAE04EC0-301F-11D3-BF4B-00C04F79EFBC}") = "Mzl.IDAL.Hotel", "Mzl.IDAL.Hotel\Mzl.IDAL.Hotel.csproj", "{4B32DEE8-962A-4BA3-BCE7-58E0AD32E273}"
EndProject
Project("{FAE04EC0-301F-11D3-BF4B-00C04F79EFBC}") = "Mzl.DAL.Hotel", "Mzl.DAL.Hotel\Mzl.DAL.Hotel.csproj", "{DA676D22-0B6A-4003-A4AB-03C393C50BF0}"
EndProject
Project("{FAE04EC0-301F-11D3-BF4B-00C04F79EFBC}") = "Mzl.Proxy.Hotel.CTrip", "Mzl.Proxy.Hotel.CTrip\Mzl.Proxy.Hotel.CTrip.csproj", "{DC755ADD-9433-4CBA-8963-EB54380C77F9}"
EndProject
Project("{FAE04EC0-301F-11D3-BF4B-00C04F79EFBC}") = "Mzl.DAL.CTripHotel", "Mzl.DAL.CTripHotel\Mzl.DAL.CTripHotel.csproj", "{508B7193-B07E-42F7-BD06-0A488248AC39}"
EndProject
Project("{FAE04EC0-301F-11D3-BF4B-00C04F79EFBC}") = "Mzl.IDAL.CTripHotel", "Mzl.IDAL.CTripHotel\Mzl.IDAL.CTripHotel.csproj", "{A161D545-5307-4221-BBF7-FCD2EEA00B8E}"
EndProject
Project("{2150E333-8FDC-42A3-9474-1A3956D46DE8}") = "Solr", "Solr", "{EC6E0A4C-0C1A-4BB4-B648-79033BB880B0}"
EndProject
Project("{2150E333-8FDC-42A3-9474-1A3956D46DE8}") = "Hotel", "Hotel", "{A84426C9-1F0F-4C54-B818-74CF40D65C97}"
EndProject
Global
	GlobalSection(SolutionConfigurationPlatforms) = preSolution
		Debug|Any CPU = Debug|Any CPU
		Release|Any CPU = Release|Any CPU
	EndGlobalSection
	GlobalSection(ProjectConfigurationPlatforms) = postSolution
		{34F84D18-4144-4557-BCBE-2B13E8A162F4}.Debug|Any CPU.ActiveCfg = Debug|Any CPU
		{34F84D18-4144-4557-BCBE-2B13E8A162F4}.Debug|Any CPU.Build.0 = Debug|Any CPU
		{34F84D18-4144-4557-BCBE-2B13E8A162F4}.Release|Any CPU.ActiveCfg = Release|Any CPU
		{34F84D18-4144-4557-BCBE-2B13E8A162F4}.Release|Any CPU.Build.0 = Release|Any CPU
		{FE58A92B-0E89-4F66-B6CC-7FA5E3F316AB}.Debug|Any CPU.ActiveCfg = Debug|Any CPU
		{FE58A92B-0E89-4F66-B6CC-7FA5E3F316AB}.Debug|Any CPU.Build.0 = Debug|Any CPU
		{FE58A92B-0E89-4F66-B6CC-7FA5E3F316AB}.Release|Any CPU.ActiveCfg = Release|Any CPU
		{FE58A92B-0E89-4F66-B6CC-7FA5E3F316AB}.Release|Any CPU.Build.0 = Release|Any CPU
		{11A12F6E-033F-4A70-A053-193FCED4403E}.Debug|Any CPU.ActiveCfg = Debug|Any CPU
		{11A12F6E-033F-4A70-A053-193FCED4403E}.Debug|Any CPU.Build.0 = Debug|Any CPU
		{11A12F6E-033F-4A70-A053-193FCED4403E}.Release|Any CPU.ActiveCfg = Release|Any CPU
		{11A12F6E-033F-4A70-A053-193FCED4403E}.Release|Any CPU.Build.0 = Release|Any CPU
		{598A15A2-C70E-4C3A-9303-F9324C7A5C0F}.Debug|Any CPU.ActiveCfg = Debug|Any CPU
		{598A15A2-C70E-4C3A-9303-F9324C7A5C0F}.Debug|Any CPU.Build.0 = Debug|Any CPU
		{598A15A2-C70E-4C3A-9303-F9324C7A5C0F}.Release|Any CPU.ActiveCfg = Release|Any CPU
		{598A15A2-C70E-4C3A-9303-F9324C7A5C0F}.Release|Any CPU.Build.0 = Release|Any CPU
		{FF93B392-9C9A-4D81-AA67-388AED097E1A}.Debug|Any CPU.ActiveCfg = Debug|Any CPU
		{FF93B392-9C9A-4D81-AA67-388AED097E1A}.Debug|Any CPU.Build.0 = Debug|Any CPU
		{FF93B392-9C9A-4D81-AA67-388AED097E1A}.Release|Any CPU.ActiveCfg = Release|Any CPU
		{FF93B392-9C9A-4D81-AA67-388AED097E1A}.Release|Any CPU.Build.0 = Release|Any CPU
		{971A1185-9788-4F7D-9E50-15264D955D5C}.Debug|Any CPU.ActiveCfg = Debug|Any CPU
		{971A1185-9788-4F7D-9E50-15264D955D5C}.Debug|Any CPU.Build.0 = Debug|Any CPU
		{971A1185-9788-4F7D-9E50-15264D955D5C}.Release|Any CPU.ActiveCfg = Release|Any CPU
		{971A1185-9788-4F7D-9E50-15264D955D5C}.Release|Any CPU.Build.0 = Release|Any CPU
		{ECFDE3DA-694F-4333-8E1A-BE2477746BDE}.Debug|Any CPU.ActiveCfg = Debug|Any CPU
		{ECFDE3DA-694F-4333-8E1A-BE2477746BDE}.Debug|Any CPU.Build.0 = Debug|Any CPU
		{ECFDE3DA-694F-4333-8E1A-BE2477746BDE}.Release|Any CPU.ActiveCfg = Release|Any CPU
		{ECFDE3DA-694F-4333-8E1A-BE2477746BDE}.Release|Any CPU.Build.0 = Release|Any CPU
		{324E5106-8DD1-4E70-ABCA-01020B24A73B}.Debug|Any CPU.ActiveCfg = Debug|Any CPU
		{324E5106-8DD1-4E70-ABCA-01020B24A73B}.Debug|Any CPU.Build.0 = Debug|Any CPU
		{324E5106-8DD1-4E70-ABCA-01020B24A73B}.Release|Any CPU.ActiveCfg = Release|Any CPU
		{324E5106-8DD1-4E70-ABCA-01020B24A73B}.Release|Any CPU.Build.0 = Release|Any CPU
		{B2E25487-F9C9-4A98-8842-D70DBEA1CB2A}.Debug|Any CPU.ActiveCfg = Debug|Any CPU
		{B2E25487-F9C9-4A98-8842-D70DBEA1CB2A}.Debug|Any CPU.Build.0 = Debug|Any CPU
		{B2E25487-F9C9-4A98-8842-D70DBEA1CB2A}.Release|Any CPU.ActiveCfg = Release|Any CPU
		{B2E25487-F9C9-4A98-8842-D70DBEA1CB2A}.Release|Any CPU.Build.0 = Release|Any CPU
		{F49A5088-D2FD-43E8-A21C-B3D8191B832F}.Debug|Any CPU.ActiveCfg = Debug|Any CPU
		{F49A5088-D2FD-43E8-A21C-B3D8191B832F}.Debug|Any CPU.Build.0 = Debug|Any CPU
		{F49A5088-D2FD-43E8-A21C-B3D8191B832F}.Release|Any CPU.ActiveCfg = Release|Any CPU
		{F49A5088-D2FD-43E8-A21C-B3D8191B832F}.Release|Any CPU.Build.0 = Release|Any CPU
		{65D85042-CFBE-42D2-BF8B-CE326F3EEBF0}.Debug|Any CPU.ActiveCfg = Debug|Any CPU
		{65D85042-CFBE-42D2-BF8B-CE326F3EEBF0}.Debug|Any CPU.Build.0 = Debug|Any CPU
		{65D85042-CFBE-42D2-BF8B-CE326F3EEBF0}.Release|Any CPU.ActiveCfg = Release|Any CPU
		{65D85042-CFBE-42D2-BF8B-CE326F3EEBF0}.Release|Any CPU.Build.0 = Release|Any CPU
		{B49C4DBC-6BCD-4697-9A1D-490099B0E376}.Debug|Any CPU.ActiveCfg = Debug|Any CPU
		{B49C4DBC-6BCD-4697-9A1D-490099B0E376}.Debug|Any CPU.Build.0 = Debug|Any CPU
		{B49C4DBC-6BCD-4697-9A1D-490099B0E376}.Release|Any CPU.ActiveCfg = Release|Any CPU
		{B49C4DBC-6BCD-4697-9A1D-490099B0E376}.Release|Any CPU.Build.0 = Release|Any CPU
		{01A0068E-262D-4003-9078-7F66CF8E9BC7}.Debug|Any CPU.ActiveCfg = Debug|Any CPU
		{01A0068E-262D-4003-9078-7F66CF8E9BC7}.Debug|Any CPU.Build.0 = Debug|Any CPU
		{01A0068E-262D-4003-9078-7F66CF8E9BC7}.Release|Any CPU.ActiveCfg = Release|Any CPU
		{01A0068E-262D-4003-9078-7F66CF8E9BC7}.Release|Any CPU.Build.0 = Release|Any CPU
		{AF5C56CA-5FD9-46CD-B6C7-898BDC65E16D}.Debug|Any CPU.ActiveCfg = Debug|Any CPU
		{AF5C56CA-5FD9-46CD-B6C7-898BDC65E16D}.Debug|Any CPU.Build.0 = Debug|Any CPU
		{AF5C56CA-5FD9-46CD-B6C7-898BDC65E16D}.Release|Any CPU.ActiveCfg = Release|Any CPU
		{AF5C56CA-5FD9-46CD-B6C7-898BDC65E16D}.Release|Any CPU.Build.0 = Release|Any CPU
		{D4199D03-6988-401C-A851-95E60DE879DE}.Debug|Any CPU.ActiveCfg = Debug|Any CPU
		{D4199D03-6988-401C-A851-95E60DE879DE}.Debug|Any CPU.Build.0 = Debug|Any CPU
		{D4199D03-6988-401C-A851-95E60DE879DE}.Release|Any CPU.ActiveCfg = Release|Any CPU
		{D4199D03-6988-401C-A851-95E60DE879DE}.Release|Any CPU.Build.0 = Release|Any CPU
		{E1D1A319-4A0E-42FC-9BC9-2393477A1B55}.Debug|Any CPU.ActiveCfg = Debug|Any CPU
		{E1D1A319-4A0E-42FC-9BC9-2393477A1B55}.Debug|Any CPU.Build.0 = Debug|Any CPU
		{E1D1A319-4A0E-42FC-9BC9-2393477A1B55}.Release|Any CPU.ActiveCfg = Release|Any CPU
		{E1D1A319-4A0E-42FC-9BC9-2393477A1B55}.Release|Any CPU.Build.0 = Release|Any CPU
		{C12368A3-9412-447D-829F-121FC36E2C69}.Debug|Any CPU.ActiveCfg = Debug|Any CPU
		{C12368A3-9412-447D-829F-121FC36E2C69}.Debug|Any CPU.Build.0 = Debug|Any CPU
		{C12368A3-9412-447D-829F-121FC36E2C69}.Release|Any CPU.ActiveCfg = Release|Any CPU
		{C12368A3-9412-447D-829F-121FC36E2C69}.Release|Any CPU.Build.0 = Release|Any CPU
		{BD3C0BED-C810-459B-82FA-C440F8E1C55D}.Debug|Any CPU.ActiveCfg = Debug|Any CPU
		{BD3C0BED-C810-459B-82FA-C440F8E1C55D}.Debug|Any CPU.Build.0 = Debug|Any CPU
		{BD3C0BED-C810-459B-82FA-C440F8E1C55D}.Release|Any CPU.ActiveCfg = Release|Any CPU
		{BD3C0BED-C810-459B-82FA-C440F8E1C55D}.Release|Any CPU.Build.0 = Release|Any CPU
		{A91DF0D7-0729-4EA9-8564-84BFDEE7F32A}.Debug|Any CPU.ActiveCfg = Debug|Any CPU
		{A91DF0D7-0729-4EA9-8564-84BFDEE7F32A}.Debug|Any CPU.Build.0 = Debug|Any CPU
		{A91DF0D7-0729-4EA9-8564-84BFDEE7F32A}.Release|Any CPU.ActiveCfg = Release|Any CPU
		{A91DF0D7-0729-4EA9-8564-84BFDEE7F32A}.Release|Any CPU.Build.0 = Release|Any CPU
		{7403FE14-747B-4572-93C7-D67FA7BE000C}.Debug|Any CPU.ActiveCfg = Debug|Any CPU
		{7403FE14-747B-4572-93C7-D67FA7BE000C}.Debug|Any CPU.Build.0 = Debug|Any CPU
		{7403FE14-747B-4572-93C7-D67FA7BE000C}.Release|Any CPU.ActiveCfg = Release|Any CPU
		{7403FE14-747B-4572-93C7-D67FA7BE000C}.Release|Any CPU.Build.0 = Release|Any CPU
		{06C69BAC-E000-45B8-B632-8EE5C7C6A666}.Debug|Any CPU.ActiveCfg = Debug|Any CPU
		{06C69BAC-E000-45B8-B632-8EE5C7C6A666}.Debug|Any CPU.Build.0 = Debug|Any CPU
		{06C69BAC-E000-45B8-B632-8EE5C7C6A666}.Release|Any CPU.ActiveCfg = Release|Any CPU
		{06C69BAC-E000-45B8-B632-8EE5C7C6A666}.Release|Any CPU.Build.0 = Release|Any CPU
		{CA9F683E-C900-4579-AB9A-476E72A7BCAE}.Debug|Any CPU.ActiveCfg = Debug|Any CPU
		{CA9F683E-C900-4579-AB9A-476E72A7BCAE}.Debug|Any CPU.Build.0 = Debug|Any CPU
		{CA9F683E-C900-4579-AB9A-476E72A7BCAE}.Release|Any CPU.ActiveCfg = Release|Any CPU
		{CA9F683E-C900-4579-AB9A-476E72A7BCAE}.Release|Any CPU.Build.0 = Release|Any CPU
		{90828958-D81E-4F19-A12B-6A16C904BEB5}.Debug|Any CPU.ActiveCfg = Debug|Any CPU
		{90828958-D81E-4F19-A12B-6A16C904BEB5}.Debug|Any CPU.Build.0 = Debug|Any CPU
		{90828958-D81E-4F19-A12B-6A16C904BEB5}.Release|Any CPU.ActiveCfg = Release|Any CPU
		{90828958-D81E-4F19-A12B-6A16C904BEB5}.Release|Any CPU.Build.0 = Release|Any CPU
		{E3DF871B-CE00-46FF-AF81-F57DD0570E02}.Debug|Any CPU.ActiveCfg = Debug|Any CPU
		{E3DF871B-CE00-46FF-AF81-F57DD0570E02}.Debug|Any CPU.Build.0 = Debug|Any CPU
		{E3DF871B-CE00-46FF-AF81-F57DD0570E02}.Release|Any CPU.ActiveCfg = Release|Any CPU
		{E3DF871B-CE00-46FF-AF81-F57DD0570E02}.Release|Any CPU.Build.0 = Release|Any CPU
		{4EC7524E-EFC2-4DC5-B966-9F52F08778FE}.Debug|Any CPU.ActiveCfg = Debug|Any CPU
		{4EC7524E-EFC2-4DC5-B966-9F52F08778FE}.Debug|Any CPU.Build.0 = Debug|Any CPU
		{4EC7524E-EFC2-4DC5-B966-9F52F08778FE}.Release|Any CPU.ActiveCfg = Release|Any CPU
		{4EC7524E-EFC2-4DC5-B966-9F52F08778FE}.Release|Any CPU.Build.0 = Release|Any CPU
		{D75FA6BC-F280-43DB-913A-7D3AFD0DDEA5}.Debug|Any CPU.ActiveCfg = Debug|Any CPU
		{D75FA6BC-F280-43DB-913A-7D3AFD0DDEA5}.Debug|Any CPU.Build.0 = Debug|Any CPU
		{D75FA6BC-F280-43DB-913A-7D3AFD0DDEA5}.Release|Any CPU.ActiveCfg = Release|Any CPU
		{D75FA6BC-F280-43DB-913A-7D3AFD0DDEA5}.Release|Any CPU.Build.0 = Release|Any CPU
		{56496D86-A5D2-4593-9EE8-6D6EE96E302E}.Debug|Any CPU.ActiveCfg = Debug|Any CPU
		{56496D86-A5D2-4593-9EE8-6D6EE96E302E}.Debug|Any CPU.Build.0 = Debug|Any CPU
		{56496D86-A5D2-4593-9EE8-6D6EE96E302E}.Release|Any CPU.ActiveCfg = Release|Any CPU
		{56496D86-A5D2-4593-9EE8-6D6EE96E302E}.Release|Any CPU.Build.0 = Release|Any CPU
		{6A2875C0-EBBD-4ADC-AA08-B796F986F996}.Debug|Any CPU.ActiveCfg = Debug|Any CPU
		{6A2875C0-EBBD-4ADC-AA08-B796F986F996}.Debug|Any CPU.Build.0 = Debug|Any CPU
		{6A2875C0-EBBD-4ADC-AA08-B796F986F996}.Release|Any CPU.ActiveCfg = Release|Any CPU
		{6A2875C0-EBBD-4ADC-AA08-B796F986F996}.Release|Any CPU.Build.0 = Release|Any CPU
		{EFBA9F50-A0CD-451A-85D6-AEC58CDB2A2F}.Debug|Any CPU.ActiveCfg = Debug|Any CPU
		{EFBA9F50-A0CD-451A-85D6-AEC58CDB2A2F}.Debug|Any CPU.Build.0 = Debug|Any CPU
		{EFBA9F50-A0CD-451A-85D6-AEC58CDB2A2F}.Release|Any CPU.ActiveCfg = Release|Any CPU
		{EFBA9F50-A0CD-451A-85D6-AEC58CDB2A2F}.Release|Any CPU.Build.0 = Release|Any CPU
		{52D6F2A5-67A2-4F2C-9FEB-B511BD08F883}.Debug|Any CPU.ActiveCfg = Debug|Any CPU
		{52D6F2A5-67A2-4F2C-9FEB-B511BD08F883}.Debug|Any CPU.Build.0 = Debug|Any CPU
		{52D6F2A5-67A2-4F2C-9FEB-B511BD08F883}.Release|Any CPU.ActiveCfg = Release|Any CPU
		{52D6F2A5-67A2-4F2C-9FEB-B511BD08F883}.Release|Any CPU.Build.0 = Release|Any CPU
		{626E5FD2-FD86-442B-96A8-67F5C93369B9}.Debug|Any CPU.ActiveCfg = Debug|Any CPU
		{626E5FD2-FD86-442B-96A8-67F5C93369B9}.Debug|Any CPU.Build.0 = Debug|Any CPU
		{626E5FD2-FD86-442B-96A8-67F5C93369B9}.Release|Any CPU.ActiveCfg = Release|Any CPU
		{626E5FD2-FD86-442B-96A8-67F5C93369B9}.Release|Any CPU.Build.0 = Release|Any CPU
		{936EE246-AAF3-4ACC-99BB-9EB0DED687F0}.Debug|Any CPU.ActiveCfg = Debug|Any CPU
		{936EE246-AAF3-4ACC-99BB-9EB0DED687F0}.Debug|Any CPU.Build.0 = Debug|Any CPU
		{936EE246-AAF3-4ACC-99BB-9EB0DED687F0}.Release|Any CPU.ActiveCfg = Release|Any CPU
		{936EE246-AAF3-4ACC-99BB-9EB0DED687F0}.Release|Any CPU.Build.0 = Release|Any CPU
		{39112EC5-E1EA-4996-818C-E6EE34FF9321}.Debug|Any CPU.ActiveCfg = Debug|Any CPU
		{39112EC5-E1EA-4996-818C-E6EE34FF9321}.Debug|Any CPU.Build.0 = Debug|Any CPU
		{39112EC5-E1EA-4996-818C-E6EE34FF9321}.Release|Any CPU.ActiveCfg = Release|Any CPU
		{39112EC5-E1EA-4996-818C-E6EE34FF9321}.Release|Any CPU.Build.0 = Release|Any CPU
		{758A3EC1-4242-43BE-BEBD-170A6CE4B363}.Debug|Any CPU.ActiveCfg = Debug|Any CPU
		{758A3EC1-4242-43BE-BEBD-170A6CE4B363}.Debug|Any CPU.Build.0 = Debug|Any CPU
		{758A3EC1-4242-43BE-BEBD-170A6CE4B363}.Release|Any CPU.ActiveCfg = Release|Any CPU
		{758A3EC1-4242-43BE-BEBD-170A6CE4B363}.Release|Any CPU.Build.0 = Release|Any CPU
		{14B4B283-A089-407A-B904-2274C0CFFCBC}.Debug|Any CPU.ActiveCfg = Debug|Any CPU
		{14B4B283-A089-407A-B904-2274C0CFFCBC}.Debug|Any CPU.Build.0 = Debug|Any CPU
		{14B4B283-A089-407A-B904-2274C0CFFCBC}.Release|Any CPU.ActiveCfg = Release|Any CPU
		{14B4B283-A089-407A-B904-2274C0CFFCBC}.Release|Any CPU.Build.0 = Release|Any CPU
		{FC631A12-6B96-4F05-A830-079405197192}.Debug|Any CPU.ActiveCfg = Debug|Any CPU
		{FC631A12-6B96-4F05-A830-079405197192}.Debug|Any CPU.Build.0 = Debug|Any CPU
		{FC631A12-6B96-4F05-A830-079405197192}.Release|Any CPU.ActiveCfg = Release|Any CPU
		{FC631A12-6B96-4F05-A830-079405197192}.Release|Any CPU.Build.0 = Release|Any CPU
		{F732AD4D-E27C-4983-B631-C3657797E761}.Debug|Any CPU.ActiveCfg = Debug|Any CPU
		{F732AD4D-E27C-4983-B631-C3657797E761}.Debug|Any CPU.Build.0 = Debug|Any CPU
		{F732AD4D-E27C-4983-B631-C3657797E761}.Release|Any CPU.ActiveCfg = Release|Any CPU
		{F732AD4D-E27C-4983-B631-C3657797E761}.Release|Any CPU.Build.0 = Release|Any CPU
		{EF5DF632-6045-4CEF-9822-6CD97CBA4969}.Debug|Any CPU.ActiveCfg = Debug|Any CPU
		{EF5DF632-6045-4CEF-9822-6CD97CBA4969}.Debug|Any CPU.Build.0 = Debug|Any CPU
		{EF5DF632-6045-4CEF-9822-6CD97CBA4969}.Release|Any CPU.ActiveCfg = Release|Any CPU
		{EF5DF632-6045-4CEF-9822-6CD97CBA4969}.Release|Any CPU.Build.0 = Release|Any CPU
		{1C4623E1-EE60-4C64-98F5-4BE4E2E75E07}.Debug|Any CPU.ActiveCfg = Debug|Any CPU
		{1C4623E1-EE60-4C64-98F5-4BE4E2E75E07}.Debug|Any CPU.Build.0 = Debug|Any CPU
		{1C4623E1-EE60-4C64-98F5-4BE4E2E75E07}.Release|Any CPU.ActiveCfg = Release|Any CPU
		{1C4623E1-EE60-4C64-98F5-4BE4E2E75E07}.Release|Any CPU.Build.0 = Release|Any CPU
		{9141F96C-D995-4654-93D2-22A5BB677439}.Debug|Any CPU.ActiveCfg = Debug|Any CPU
		{9141F96C-D995-4654-93D2-22A5BB677439}.Debug|Any CPU.Build.0 = Debug|Any CPU
		{9141F96C-D995-4654-93D2-22A5BB677439}.Release|Any CPU.ActiveCfg = Release|Any CPU
		{9141F96C-D995-4654-93D2-22A5BB677439}.Release|Any CPU.Build.0 = Release|Any CPU
		{8BD0112C-F2AA-4658-9E38-C7475591E694}.Debug|Any CPU.ActiveCfg = Debug|Any CPU
		{8BD0112C-F2AA-4658-9E38-C7475591E694}.Debug|Any CPU.Build.0 = Debug|Any CPU
		{8BD0112C-F2AA-4658-9E38-C7475591E694}.Release|Any CPU.ActiveCfg = Release|Any CPU
		{8BD0112C-F2AA-4658-9E38-C7475591E694}.Release|Any CPU.Build.0 = Release|Any CPU
		{25CC7468-45D7-4CD4-9291-78CF00A5087D}.Debug|Any CPU.ActiveCfg = Debug|Any CPU
		{25CC7468-45D7-4CD4-9291-78CF00A5087D}.Debug|Any CPU.Build.0 = Debug|Any CPU
		{25CC7468-45D7-4CD4-9291-78CF00A5087D}.Release|Any CPU.ActiveCfg = Release|Any CPU
		{25CC7468-45D7-4CD4-9291-78CF00A5087D}.Release|Any CPU.Build.0 = Release|Any CPU
		{8E0D76D6-9516-4096-9D1E-2A74533EE46D}.Debug|Any CPU.ActiveCfg = Debug|Any CPU
		{8E0D76D6-9516-4096-9D1E-2A74533EE46D}.Debug|Any CPU.Build.0 = Debug|Any CPU
		{8E0D76D6-9516-4096-9D1E-2A74533EE46D}.Release|Any CPU.ActiveCfg = Release|Any CPU
		{8E0D76D6-9516-4096-9D1E-2A74533EE46D}.Release|Any CPU.Build.0 = Release|Any CPU
		{DF198220-2C39-4102-BA85-5C406C5950D9}.Debug|Any CPU.ActiveCfg = Debug|Any CPU
		{DF198220-2C39-4102-BA85-5C406C5950D9}.Debug|Any CPU.Build.0 = Debug|Any CPU
		{DF198220-2C39-4102-BA85-5C406C5950D9}.Release|Any CPU.ActiveCfg = Release|Any CPU
		{DF198220-2C39-4102-BA85-5C406C5950D9}.Release|Any CPU.Build.0 = Release|Any CPU
		{7989E48E-80B0-447F-B070-0E6EDD749E5F}.Debug|Any CPU.ActiveCfg = Debug|Any CPU
		{7989E48E-80B0-447F-B070-0E6EDD749E5F}.Debug|Any CPU.Build.0 = Debug|Any CPU
		{7989E48E-80B0-447F-B070-0E6EDD749E5F}.Release|Any CPU.ActiveCfg = Release|Any CPU
		{7989E48E-80B0-447F-B070-0E6EDD749E5F}.Release|Any CPU.Build.0 = Release|Any CPU
		{74D5A18D-1BBF-41D3-8702-B799F924297B}.Debug|Any CPU.ActiveCfg = Debug|Any CPU
		{74D5A18D-1BBF-41D3-8702-B799F924297B}.Debug|Any CPU.Build.0 = Debug|Any CPU
		{74D5A18D-1BBF-41D3-8702-B799F924297B}.Release|Any CPU.ActiveCfg = Release|Any CPU
		{74D5A18D-1BBF-41D3-8702-B799F924297B}.Release|Any CPU.Build.0 = Release|Any CPU
		{F94CD323-8BDF-4BD0-8781-7AE982E3BE7F}.Debug|Any CPU.ActiveCfg = Debug|Any CPU
		{F94CD323-8BDF-4BD0-8781-7AE982E3BE7F}.Debug|Any CPU.Build.0 = Debug|Any CPU
		{F94CD323-8BDF-4BD0-8781-7AE982E3BE7F}.Release|Any CPU.ActiveCfg = Release|Any CPU
		{F94CD323-8BDF-4BD0-8781-7AE982E3BE7F}.Release|Any CPU.Build.0 = Release|Any CPU
		{8C7066BF-6523-4FAB-A889-B1E5702E54E3}.Debug|Any CPU.ActiveCfg = Debug|Any CPU
		{8C7066BF-6523-4FAB-A889-B1E5702E54E3}.Debug|Any CPU.Build.0 = Debug|Any CPU
		{8C7066BF-6523-4FAB-A889-B1E5702E54E3}.Release|Any CPU.ActiveCfg = Release|Any CPU
		{8C7066BF-6523-4FAB-A889-B1E5702E54E3}.Release|Any CPU.Build.0 = Release|Any CPU
		{4B32DEE8-962A-4BA3-BCE7-58E0AD32E273}.Debug|Any CPU.ActiveCfg = Debug|Any CPU
		{4B32DEE8-962A-4BA3-BCE7-58E0AD32E273}.Debug|Any CPU.Build.0 = Debug|Any CPU
		{4B32DEE8-962A-4BA3-BCE7-58E0AD32E273}.Release|Any CPU.ActiveCfg = Release|Any CPU
		{4B32DEE8-962A-4BA3-BCE7-58E0AD32E273}.Release|Any CPU.Build.0 = Release|Any CPU
		{DA676D22-0B6A-4003-A4AB-03C393C50BF0}.Debug|Any CPU.ActiveCfg = Debug|Any CPU
		{DA676D22-0B6A-4003-A4AB-03C393C50BF0}.Debug|Any CPU.Build.0 = Debug|Any CPU
		{DA676D22-0B6A-4003-A4AB-03C393C50BF0}.Release|Any CPU.ActiveCfg = Release|Any CPU
		{DA676D22-0B6A-4003-A4AB-03C393C50BF0}.Release|Any CPU.Build.0 = Release|Any CPU
		{DC755ADD-9433-4CBA-8963-EB54380C77F9}.Debug|Any CPU.ActiveCfg = Debug|Any CPU
		{DC755ADD-9433-4CBA-8963-EB54380C77F9}.Debug|Any CPU.Build.0 = Debug|Any CPU
		{DC755ADD-9433-4CBA-8963-EB54380C77F9}.Release|Any CPU.ActiveCfg = Release|Any CPU
		{DC755ADD-9433-4CBA-8963-EB54380C77F9}.Release|Any CPU.Build.0 = Release|Any CPU
		{508B7193-B07E-42F7-BD06-0A488248AC39}.Debug|Any CPU.ActiveCfg = Debug|Any CPU
		{508B7193-B07E-42F7-BD06-0A488248AC39}.Debug|Any CPU.Build.0 = Debug|Any CPU
		{508B7193-B07E-42F7-BD06-0A488248AC39}.Release|Any CPU.ActiveCfg = Release|Any CPU
		{508B7193-B07E-42F7-BD06-0A488248AC39}.Release|Any CPU.Build.0 = Release|Any CPU
		{A161D545-5307-4221-BBF7-FCD2EEA00B8E}.Debug|Any CPU.ActiveCfg = Debug|Any CPU
		{A161D545-5307-4221-BBF7-FCD2EEA00B8E}.Debug|Any CPU.Build.0 = Debug|Any CPU
		{A161D545-5307-4221-BBF7-FCD2EEA00B8E}.Release|Any CPU.ActiveCfg = Release|Any CPU
		{A161D545-5307-4221-BBF7-FCD2EEA00B8E}.Release|Any CPU.Build.0 = Release|Any CPU
	EndGlobalSection
	GlobalSection(SolutionProperties) = preSolution
		HideSolutionNode = FALSE
	EndGlobalSection
	GlobalSection(NestedProjects) = preSolution
		{34F84D18-4144-4557-BCBE-2B13E8A162F4} = {1BCBF3FC-8B8A-4247-ADE2-D03C01C1A32C}
		{FE58A92B-0E89-4F66-B6CC-7FA5E3F316AB} = {0CEDCEC6-2EF2-4675-A99B-407BC66E25EF}
		{11A12F6E-033F-4A70-A053-193FCED4403E} = {31B8D7CE-1788-4FA6-828D-4E6D190D660F}
		{598A15A2-C70E-4C3A-9303-F9324C7A5C0F} = {B8A28417-FF91-4D76-AF30-62A62095BBA5}
		{FF93B392-9C9A-4D81-AA67-388AED097E1A} = {E7FD45AE-3D63-4C8A-8385-14245D0EE620}
		{971A1185-9788-4F7D-9E50-15264D955D5C} = {E7FD45AE-3D63-4C8A-8385-14245D0EE620}
		{ECFDE3DA-694F-4333-8E1A-BE2477746BDE} = {B8A28417-FF91-4D76-AF30-62A62095BBA5}
		{324E5106-8DD1-4E70-ABCA-01020B24A73B} = {09E6796C-BD81-41DE-B7C3-76101E19C504}
		{B2E25487-F9C9-4A98-8842-D70DBEA1CB2A} = {09E6796C-BD81-41DE-B7C3-76101E19C504}
		{F49A5088-D2FD-43E8-A21C-B3D8191B832F} = {77A5D169-7FE9-49C3-931B-5FB723EB41D1}
		{65D85042-CFBE-42D2-BF8B-CE326F3EEBF0} = {77A5D169-7FE9-49C3-931B-5FB723EB41D1}
		{B49C4DBC-6BCD-4697-9A1D-490099B0E376} = {B8A28417-FF91-4D76-AF30-62A62095BBA5}
		{01A0068E-262D-4003-9078-7F66CF8E9BC7} = {A18CBFF4-B5F5-40FE-808E-5E9A48F87E3E}
		{AF5C56CA-5FD9-46CD-B6C7-898BDC65E16D} = {AD36E9E6-DD19-4C4F-BC4C-FE134EF9E46F}
		{D4199D03-6988-401C-A851-95E60DE879DE} = {AD36E9E6-DD19-4C4F-BC4C-FE134EF9E46F}
		{E1D1A319-4A0E-42FC-9BC9-2393477A1B55} = {31B8D7CE-1788-4FA6-828D-4E6D190D660F}
		{C12368A3-9412-447D-829F-121FC36E2C69} = {BDEDCB91-1F5B-4176-87F1-49B9B9ADD57F}
		{BD3C0BED-C810-459B-82FA-C440F8E1C55D} = {946E6F6A-1FB7-4DD0-A3C6-F015B33E6D34}
		{A91DF0D7-0729-4EA9-8564-84BFDEE7F32A} = {946E6F6A-1FB7-4DD0-A3C6-F015B33E6D34}
		{946E6F6A-1FB7-4DD0-A3C6-F015B33E6D34} = {AFC215CF-F97D-4A71-8447-8EDE78914E83}
		{09E6796C-BD81-41DE-B7C3-76101E19C504} = {AFC215CF-F97D-4A71-8447-8EDE78914E83}
		{AD36E9E6-DD19-4C4F-BC4C-FE134EF9E46F} = {AFC215CF-F97D-4A71-8447-8EDE78914E83}
		{62D15A90-F2F3-4306-A7E4-F9B9B22E42F3} = {862B55D7-859C-48AB-ACBA-347EFE40B614}
		{77A5D169-7FE9-49C3-931B-5FB723EB41D1} = {1DD0B462-27EC-4887-9A49-699359A3393A}
		{BDEDCB91-1F5B-4176-87F1-49B9B9ADD57F} = {1DD0B462-27EC-4887-9A49-699359A3393A}
		{7403FE14-747B-4572-93C7-D67FA7BE000C} = {62D15A90-F2F3-4306-A7E4-F9B9B22E42F3}
		{06C69BAC-E000-45B8-B632-8EE5C7C6A666} = {62D15A90-F2F3-4306-A7E4-F9B9B22E42F3}
		{CA9F683E-C900-4579-AB9A-476E72A7BCAE} = {56A3863B-384D-4F26-8FA6-B279A07CB13F}
		{083EDD6C-C53C-462D-BAE2-6C501EE85030} = {1DD0B462-27EC-4887-9A49-699359A3393A}
		{90828958-D81E-4F19-A12B-6A16C904BEB5} = {083EDD6C-C53C-462D-BAE2-6C501EE85030}
		{E3DF871B-CE00-46FF-AF81-F57DD0570E02} = {083EDD6C-C53C-462D-BAE2-6C501EE85030}
		{A10A256D-DA79-4A24-A0A5-04CF5F332C15} = {AFC215CF-F97D-4A71-8447-8EDE78914E83}
		{4EC7524E-EFC2-4DC5-B966-9F52F08778FE} = {A10A256D-DA79-4A24-A0A5-04CF5F332C15}
		{D75FA6BC-F280-43DB-913A-7D3AFD0DDEA5} = {A10A256D-DA79-4A24-A0A5-04CF5F332C15}
		{56496D86-A5D2-4593-9EE8-6D6EE96E302E} = {56A3863B-384D-4F26-8FA6-B279A07CB13F}
		{6A2875C0-EBBD-4ADC-AA08-B796F986F996} = {31B8D7CE-1788-4FA6-828D-4E6D190D660F}
		{127E3CD1-A685-40F1-81A6-B7735EAA95A9} = {AFC215CF-F97D-4A71-8447-8EDE78914E83}
		{EFBA9F50-A0CD-451A-85D6-AEC58CDB2A2F} = {127E3CD1-A685-40F1-81A6-B7735EAA95A9}
		{52D6F2A5-67A2-4F2C-9FEB-B511BD08F883} = {127E3CD1-A685-40F1-81A6-B7735EAA95A9}
		{822F34EA-6A8B-4E28-9A25-95DC125A809D} = {1DD0B462-27EC-4887-9A49-699359A3393A}
		{626E5FD2-FD86-442B-96A8-67F5C93369B9} = {822F34EA-6A8B-4E28-9A25-95DC125A809D}
		{936EE246-AAF3-4ACC-99BB-9EB0DED687F0} = {822F34EA-6A8B-4E28-9A25-95DC125A809D}
		{39112EC5-E1EA-4996-818C-E6EE34FF9321} = {44D4DCB7-CE98-4B81-B325-5455BA6903B5}
		{758A3EC1-4242-43BE-BEBD-170A6CE4B363} = {44D4DCB7-CE98-4B81-B325-5455BA6903B5}
		{B3775D04-607F-4B96-B448-2DF3785F658A} = {1DD0B462-27EC-4887-9A49-699359A3393A}
		{14B4B283-A089-407A-B904-2274C0CFFCBC} = {B3775D04-607F-4B96-B448-2DF3785F658A}
		{1CFDDB4F-9B50-4E68-86A0-C9A6D7CB3035} = {AFC215CF-F97D-4A71-8447-8EDE78914E83}
		{FC631A12-6B96-4F05-A830-079405197192} = {1CFDDB4F-9B50-4E68-86A0-C9A6D7CB3035}
		{F732AD4D-E27C-4983-B631-C3657797E761} = {1CFDDB4F-9B50-4E68-86A0-C9A6D7CB3035}
		{EF5DF632-6045-4CEF-9822-6CD97CBA4969} = {B3775D04-607F-4B96-B448-2DF3785F658A}
		{175F196A-2503-486F-A0D1-97845DEEF7A1} = {AFC215CF-F97D-4A71-8447-8EDE78914E83}
		{1C4623E1-EE60-4C64-98F5-4BE4E2E75E07} = {175F196A-2503-486F-A0D1-97845DEEF7A1}
		{9141F96C-D995-4654-93D2-22A5BB677439} = {175F196A-2503-486F-A0D1-97845DEEF7A1}
		{8BD0112C-F2AA-4658-9E38-C7475591E694} = {A18CBFF4-B5F5-40FE-808E-5E9A48F87E3E}
		{521FB29B-1FB6-44F9-A5D0-F2BB74D1BA04} = {AFC215CF-F97D-4A71-8447-8EDE78914E83}
		{25CC7468-45D7-4CD4-9291-78CF00A5087D} = {521FB29B-1FB6-44F9-A5D0-F2BB74D1BA04}
		{8E0D76D6-9516-4096-9D1E-2A74533EE46D} = {521FB29B-1FB6-44F9-A5D0-F2BB74D1BA04}
		{95ABDD65-CDFE-42FD-9EC0-1E558196E5CF} = {1DD0B462-27EC-4887-9A49-699359A3393A}
		{DF198220-2C39-4102-BA85-5C406C5950D9} = {95ABDD65-CDFE-42FD-9EC0-1E558196E5CF}
		{7989E48E-80B0-447F-B070-0E6EDD749E5F} = {95ABDD65-CDFE-42FD-9EC0-1E558196E5CF}
		{416BD26C-FFDD-49C3-BFC8-F9EA50A97208} = {AFC215CF-F97D-4A71-8447-8EDE78914E83}
		{74D5A18D-1BBF-41D3-8702-B799F924297B} = {416BD26C-FFDD-49C3-BFC8-F9EA50A97208}
		{F94CD323-8BDF-4BD0-8781-7AE982E3BE7F} = {416BD26C-FFDD-49C3-BFC8-F9EA50A97208}
		{8C7066BF-6523-4FAB-A889-B1E5702E54E3} = {0CEDCEC6-2EF2-4675-A99B-407BC66E25EF}
		{862B55D7-859C-48AB-ACBA-347EFE40B614} = {1DD0B462-27EC-4887-9A49-699359A3393A}
		{4B32DEE8-962A-4BA3-BCE7-58E0AD32E273} = {862B55D7-859C-48AB-ACBA-347EFE40B614}
		{DA676D22-0B6A-4003-A4AB-03C393C50BF0} = {862B55D7-859C-48AB-ACBA-347EFE40B614}
		{DC755ADD-9433-4CBA-8963-EB54380C77F9} = {A18CBFF4-B5F5-40FE-808E-5E9A48F87E3E}
		{508B7193-B07E-42F7-BD06-0A488248AC39} = {862B55D7-859C-48AB-ACBA-347EFE40B614}
		{A161D545-5307-4221-BBF7-FCD2EEA00B8E} = {862B55D7-859C-48AB-ACBA-347EFE40B614}
		{EC6E0A4C-0C1A-4BB4-B648-79033BB880B0} = {1DD0B462-27EC-4887-9A49-699359A3393A}
		{A84426C9-1F0F-4C54-B818-74CF40D65C97} = {EC6E0A4C-0C1A-4BB4-B648-79033BB880B0}
	EndGlobalSection
	GlobalSection(ExtensibilityGlobals) = postSolution
		SolutionGuid = {87BFD31A-E39B-4118-95AD-D3B975CACC93}
	EndGlobalSection
EndGlobal
